
Microsoft Visual Studio Solution File, Format Version 12.00
# Visual Studio Version 17
Project("{8BC9CEB8-8B4A-11D0-8D11-00A0C91BC942}") = "ALL_BUILD", "ALL_BUILD.vcxproj", "{5175331E-B0F0-3B76-985D-F3BF7F2367A9}"
	ProjectSection(ProjectDependencies) = postProject
		{130B08E1-ED5B-370A-ADAA-80C0E743AD97} = {130B08E1-ED5B-370A-ADAA-80C0E743AD97}
		{E6719638-6B96-36E8-A4CD-6E6353A4621D} = {E6719638-6B96-36E8-A4CD-6E6353A4621D}
	EndProjectSection
EndProject
Project("{8BC9CEB8-8B4A-11D0-8D11-00A0C91BC942}") = "Vollerei6sLab", "Vollerei6sLab.vcxproj", "{130B08E1-ED5B-370A-ADAA-80C0E743AD97}"
	ProjectSection(ProjectDependencies) = postProject
		{E6719638-6B96-36E8-A4CD-6E6353A4621D} = {E6719638-6B96-36E8-A4CD-6E6353A4621D}
	EndProjectSection
EndProject
Project("{8BC9CEB8-8B4A-11D0-8D11-00A0C91BC942}") = "ZERO_CHECK", "ZERO_CHECK.vcxproj", "{E6719638-6B96-36E8-A4CD-6E6353A4621D}"
	ProjectSection(ProjectDependencies) = postProject
	EndProjectSection
EndProject
Global
	GlobalSection(SolutionConfigurationPlatforms) = preSolution
		Debug|x64 = Debug|x64
		Release|x64 = Release|x64
		MinSizeRel|x64 = MinSizeRel|x64
		RelWithDebInfo|x64 = RelWithDebInfo|x64
	EndGlobalSection
	GlobalSection(ProjectConfigurationPlatforms) = postSolution
		{5175331E-B0F0-3B76-985D-F3BF7F2367A9}.Debug|x64.ActiveCfg = Debug|x64
		{5175331E-B0F0-3B76-985D-F3BF7F2367A9}.Release|x64.ActiveCfg = Release|x64
		{5175331E-B0F0-3B76-985D-F3BF7F2367A9}.MinSizeRel|x64.ActiveCfg = MinSizeRel|x64
		{5175331E-B0F0-3B76-985D-F3BF7F2367A9}.RelWithDebInfo|x64.ActiveCfg = RelWithDebInfo|x64
		{130B08E1-ED5B-370A-ADAA-80C0E743AD97}.Debug|x64.ActiveCfg = Debug|x64
		{130B08E1-ED5B-370A-ADAA-80C0E743AD97}.Debug|x64.Build.0 = Debug|x64
		{130B08E1-ED5B-370A-ADAA-80C0E743AD97}.Release|x64.ActiveCfg = Release|x64
		{130B08E1-ED5B-370A-ADAA-80C0E743AD97}.Release|x64.Build.0 = Release|x64
		{130B08E1-ED5B-370A-ADAA-80C0E743AD97}.MinSizeRel|x64.ActiveCfg = MinSizeRel|x64
		{130B08E1-ED5B-370A-ADAA-80C0E743AD97}.MinSizeRel|x64.Build.0 = MinSizeRel|x64
		{130B08E1-ED5B-370A-ADAA-80C0E743AD97}.RelWithDebInfo|x64.ActiveCfg = RelWithDebInfo|x64
		{130B08E1-ED5B-370A-ADAA-80C0E743AD97}.RelWithDebInfo|x64.Build.0 = RelWithDebInfo|x64
		{E6719638-6B96-36E8-A4CD-6E6353A4621D}.Debug|x64.ActiveCfg = Debug|x64
		{E6719638-6B96-36E8-A4CD-6E6353A4621D}.Debug|x64.Build.0 = Debug|x64
		{E6719638-6B96-36E8-A4CD-6E6353A4621D}.Release|x64.ActiveCfg = Release|x64
		{E6719638-6B96-36E8-A4CD-6E6353A4621D}.Release|x64.Build.0 = Release|x64
		{E6719638-6B96-36E8-A4CD-6E6353A4621D}.MinSizeRel|x64.ActiveCfg = MinSizeRel|x64
		{E6719638-6B96-36E8-A4CD-6E6353A4621D}.MinSizeRel|x64.Build.0 = MinSizeRel|x64
		{E6719638-6B96-36E8-A4CD-6E6353A4621D}.RelWithDebInfo|x64.ActiveCfg = RelWithDebInfo|x64
		{E6719638-6B96-36E8-A4CD-6E6353A4621D}.RelWithDebInfo|x64.Build.0 = RelWithDebInfo|x64
	EndGlobalSection
	GlobalSection(ExtensibilityGlobals) = postSolution
		SolutionGuid = {0F467EEC-5F09-303E-B4C0-B524FE68B7C4}
	EndGlobalSection
	GlobalSection(ExtensibilityAddIns) = postSolution
	EndGlobalSection
EndGlobal
